# This file is autogenerated, do not edit; changes may be undone by the next 'dep ensure'.


[[projects]]
  name = "github.com/mycodesmells/golang-examples-log"
  packages = ["."]
  revision = "2904ce9c39c662f70ac593abe8ae92d3612427f4"
  version = "1.0.0"

[solve-meta]
  analyzer-name = "dep"
  analyzer-version = 1
  inputs-digest = "e185b14a22c3f0e389e19070341a9bdade1b8437284f2049356aff5a5be3ba84"
  solver-name = "gps-cdcl"
  solver-version = 1
